
Microsoft Visual Studio Solution File, Format Version 12.00
# Visual Studio Version 16
VisualStudioVersion = 16.0.31911.196
MinimumVisualStudioVersion = 10.0.40219.1
Project("{FAE04EC0-301F-11D3-BF4B-00C04F79EFBC}") = "Send", "Send\Send.csproj", "{44BB08D7-5875-4758-B659-DFA8EEFC5AA2}"
EndProject
Project("{FAE04EC0-301F-11D3-BF4B-00C04F79EFBC}") = "Receive", "Receive\Receive.csproj", "{C7895966-96F0-4244-B428-071629902647}"
EndProject
Project("{FAE04EC0-301F-11D3-BF4B-00C04F79EFBC}") = "NewTask", "NewTask\NewTask.csproj", "{AFB4EEE9-1FCC-4A24-8D8C-B0F8E9B4C0B3}"
EndProject
Project("{FAE04EC0-301F-11D3-BF4B-00C04F79EFBC}") = "Worker", "Worker\Worker.csproj", "{52181B64-D9D0-48CB-9F87-658A4F8E8494}"
EndProject
Global
	GlobalSection(SolutionConfigurationPlatforms) = preSolution
		Debug|Any CPU = Debug|Any CPU
		Release|Any CPU = Release|Any CPU
	EndGlobalSection
	GlobalSection(ProjectConfigurationPlatforms) = postSolution
		{44BB08D7-5875-4758-B659-DFA8EEFC5AA2}.Debug|Any CPU.ActiveCfg = Debug|Any CPU
		{44BB08D7-5875-4758-B659-DFA8EEFC5AA2}.Debug|Any CPU.Build.0 = Debug|Any CPU
		{44BB08D7-5875-4758-B659-DFA8EEFC5AA2}.Release|Any CPU.ActiveCfg = Release|Any CPU
		{44BB08D7-5875-4758-B659-DFA8EEFC5AA2}.Release|Any CPU.Build.0 = Release|Any CPU
		{C7895966-96F0-4244-B428-071629902647}.Debug|Any CPU.ActiveCfg = Debug|Any CPU
		{C7895966-96F0-4244-B428-071629902647}.Debug|Any CPU.Build.0 = Debug|Any CPU
		{C7895966-96F0-4244-B428-071629902647}.Release|Any CPU.ActiveCfg = Release|Any CPU
		{C7895966-96F0-4244-B428-071629902647}.Release|Any CPU.Build.0 = Release|Any CPU
		{AFB4EEE9-1FCC-4A24-8D8C-B0F8E9B4C0B3}.Debug|Any CPU.ActiveCfg = Debug|Any CPU
		{AFB4EEE9-1FCC-4A24-8D8C-B0F8E9B4C0B3}.Debug|Any CPU.Build.0 = Debug|Any CPU
		{AFB4EEE9-1FCC-4A24-8D8C-B0F8E9B4C0B3}.Release|Any CPU.ActiveCfg = Release|Any CPU
		{AFB4EEE9-1FCC-4A24-8D8C-B0F8E9B4C0B3}.Release|Any CPU.Build.0 = Release|Any CPU
		{52181B64-D9D0-48CB-9F87-658A4F8E8494}.Debug|Any CPU.ActiveCfg = Debug|Any CPU
		{52181B64-D9D0-48CB-9F87-658A4F8E8494}.Debug|Any CPU.Build.0 = Debug|Any CPU
		{52181B64-D9D0-48CB-9F87-658A4F8E8494}.Release|Any CPU.ActiveCfg = Release|Any CPU
		{52181B64-D9D0-48CB-9F87-658A4F8E8494}.Release|Any CPU.Build.0 = Release|Any CPU
	EndGlobalSection
	GlobalSection(SolutionProperties) = preSolution
		HideSolutionNode = FALSE
	EndGlobalSection
	GlobalSection(ExtensibilityGlobals) = postSolution
		SolutionGuid = {4BC8D1B5-A129-4EC9-B349-8D8AAD76C2D5}
	EndGlobalSection
EndGlobal
